{
  "version": "2",
  "remote": {
    "https://deno.land/std@0.191.0/path/_constants.ts": "e49961f6f4f48039c0dfed3c3f93e963ca3d92791c9d478ac5b43183413136e0",
    "https://deno.land/std@0.191.0/path/_interface.ts": "6471159dfbbc357e03882c2266d21ef9afdb1e4aa771b0545e90db58a0ba314b",
    "https://deno.land/std@0.191.0/path/_util.ts": "d7abb1e0dea065f427b89156e28cdeb32b045870acdf865833ba808a73b576d0",
    "https://deno.land/std@0.191.0/path/posix.ts": "8b7c67ac338714b30c816079303d0285dd24af6b284f7ad63da5b27372a2c94d",
    "https://deno.land/x/deno_doc@0.62.0/deno_doc.generated.js": "19e03c40e8f357e77f20ce9ba17728378b91333209eb7e964ba6128106c934ca",
    "https://deno.land/x/deno_doc@0.62.0/mod.ts": "f0a19c9a20d31955a207913466e13b19bfac1a2529f3bb7c7dafc0d0e0563a9f",
    "https://deno.land/x/deno_doc@0.62.0/types.d.ts": "0acee1349c684902f1a282e69a7de891ad2ecf21038cdd812a0f7603871d3ecc",
    "https://deno.land/x/deno_graph@0.46.0/deno_graph_wasm.generated.js": "f74c4164e05bccb3437dcaae1206a500c99f1a862c0ad4f40b473cac83a4f01d",
    "https://deno.land/x/deno_graph@0.46.0/loader.ts": "a2e757383908f4a51659fe1b1203386887ebb17756bac930a64856d613d8d57d",
    "https://deno.land/x/deno_graph@0.46.0/media_type.ts": "a89a1b38d07c160e896de9ceb99285ba8391940140558304171066b5c3ef7609",
    "https://deno.land/x/deno_graph@0.46.0/mod.ts": "47b5e8560f3e66468194742239fc76cf587d611dd43c1913eeebb9b1d94fc39f",
    "https://deno.land/x/deno_graph@0.46.0/types.d.ts": "8f4101e79df43b526cd8d6528fb0ce1d2e719576bcb69640f92bf4f5af977fd7",
    "https://deno.land/x/distree@v2.0.0/Distree.ts": "7b696f5d156f5a58f913d323eaa76e89d98342e58732a854f6cca73286e8e9a5",
    "https://deno.land/x/distree@v2.0.0/ancestors.ts": "61df069becdc1ca4d26e387b762e4091639b16a8633a1fbcb7ff72d3a4353797",
    "https://deno.land/x/distree@v2.0.0/from.ts": "54ad3dd0ce869fbb9a8ee4980a01c4b0555c339d398a19f7771abd2f3aaa23d1",
    "https://deno.land/x/distree@v2.0.0/fromDirectory.ts": "01dcf1b9f653a4ba4b6563c96a529548ea56dd26559322c79584d0f2e6495ac2",
    "https://deno.land/x/distree@v2.0.0/index.ts": "b2e840412686a05df6641fe5aea4587d2beebe201b55c9ccefcfe80a5578c104",
    "https://deno.land/x/distree@v2.0.0/insert.ts": "fb7fbd97850d5b5dbee9825ab2d9452c62ce1faa7a89938a8baedd56de364b59",
    "https://deno.land/x/distree@v2.0.0/isDistree.ts": "9a9966b46079e559208c962b5d6c267abb2698fd930b249ed4a3efde50308e51",
    "https://deno.land/x/distree@v2.0.0/isPlainObject.ts": "52e4e655e509ca04b3f5143ca5aaf567a9273a7d9a3154bd95024426a5270923",
    "https://deno.land/x/distree@v2.0.0/locate.ts": "ffcd6a357faee1bf5d21d7dfebfd86960c27b344775b01cff5f7330bdad7d5c1",
    "https://deno.land/x/distree@v2.0.0/normalizePath.ts": "b6b54a4256db7950cd23ee9aeb4dd549f2156a0282a819e121fed4a4f10850e9",
    "https://deno.land/x/distree@v2.0.0/remove.ts": "8c278d27a6d8a87383d3b6935b91058dc7c371ed283c8eacf780521df3523ad1",
    "https://deno.land/x/distree@v2.0.0/transform.ts": "9195ba817f73c1328757e56a0f495d55e9fa63e6dab5f0ae2f43a9e0f4800f53",
    "https://deno.land/x/distree@v2.0.0/transformAsync.ts": "220d84a36494ac0cd0144029110d85d78147dc742125341f28a8cd5a8046f961"
  }
}